
Microsoft Visual Studio Solution File, Format Version 12.00
# Visual Studio Version 17
VisualStudioVersion = 17.11.35312.102
MinimumVisualStudioVersion = 10.0.40219.1
Project("{FAE04EC0-301F-11D3-BF4B-00C04F79EFBC}") = "OrderManagementSystem", "OrderManagementSystem.csproj", "{612448C0-A15E-42BC-B8D2-7BB7D07B67AE}"
EndProject
Global
	GlobalSection(SolutionConfigurationPlatforms) = preSolution
		Debug|Any CPU = Debug|Any CPU
		Release|Any CPU = Release|Any CPU
	EndGlobalSection
	GlobalSection(ProjectConfigurationPlatforms) = postSolution
		{612448C0-A15E-42BC-B8D2-7BB7D07B67AE}.Debug|Any CPU.ActiveCfg = Debug|Any CPU
		{612448C0-A15E-42BC-B8D2-7BB7D07B67AE}.Debug|Any CPU.Build.0 = Debug|Any CPU
		{612448C0-A15E-42BC-B8D2-7BB7D07B67AE}.Release|Any CPU.ActiveCfg = Release|Any CPU
		{612448C0-A15E-42BC-B8D2-7BB7D07B67AE}.Release|Any CPU.Build.0 = Release|Any CPU
	EndGlobalSection
	GlobalSection(SolutionProperties) = preSolution
		HideSolutionNode = FALSE
	EndGlobalSection
	GlobalSection(ExtensibilityGlobals) = postSolution
		SolutionGuid = {5CBCB1A2-3788-4C91-9B2B-283D06EA1A2F}
	EndGlobalSection
EndGlobal
